
Microsoft Visual Studio Solution File, Format Version 12.00
# Visual Studio Version 17
VisualStudioVersion = 17.8.34408.163
MinimumVisualStudioVersion = 10.0.40219.1
Project("{9A19103F-16F7-4668-BE54-9A1E7A4F7556}") = "Labb3API", "Labb3API.csproj", "{76C2DA05-86F0-4290-B9BE-1720C59BF950}"
EndProject
Project("{FAE04EC0-301F-11D3-BF4B-00C04F79EFBC}") = "SUT23TeknikButikModels", "..\SUT23TeknikButikModels\SUT23TeknikButikModels.csproj", "{9F9D7436-9968-477B-AE75-29876E6A6B41}"
EndProject
Global
	GlobalSection(SolutionConfigurationPlatforms) = preSolution
		Debug|Any CPU = Debug|Any CPU
		Release|Any CPU = Release|Any CPU
	EndGlobalSection
	GlobalSection(ProjectConfigurationPlatforms) = postSolution
		{76C2DA05-86F0-4290-B9BE-1720C59BF950}.Debug|Any CPU.ActiveCfg = Debug|Any CPU
		{76C2DA05-86F0-4290-B9BE-1720C59BF950}.Debug|Any CPU.Build.0 = Debug|Any CPU
		{76C2DA05-86F0-4290-B9BE-1720C59BF950}.Release|Any CPU.ActiveCfg = Release|Any CPU
		{76C2DA05-86F0-4290-B9BE-1720C59BF950}.Release|Any CPU.Build.0 = Release|Any CPU
		{9F9D7436-9968-477B-AE75-29876E6A6B41}.Debug|Any CPU.ActiveCfg = Debug|Any CPU
		{9F9D7436-9968-477B-AE75-29876E6A6B41}.Debug|Any CPU.Build.0 = Debug|Any CPU
		{9F9D7436-9968-477B-AE75-29876E6A6B41}.Release|Any CPU.ActiveCfg = Release|Any CPU
		{9F9D7436-9968-477B-AE75-29876E6A6B41}.Release|Any CPU.Build.0 = Release|Any CPU
	EndGlobalSection
	GlobalSection(SolutionProperties) = preSolution
		HideSolutionNode = FALSE
	EndGlobalSection
	GlobalSection(ExtensibilityGlobals) = postSolution
		SolutionGuid = {6A023DFF-48BD-453D-BB6C-BE58291C56CB}
	EndGlobalSection
EndGlobal
